Microsoft Visual Studio Solution File, Format Version 12.00
# Visual Studio Version 17
VisualStudioVersion = 17.5.2.0
MinimumVisualStudioVersion = 10.0.40219.1
Project("{FAE04EC0-301F-11D3-BF4B-00C04F79EFBC}") = "SciDevOOP", "SciDevOOP.csproj", "{9B55EE3D-309A-4E3B-A85F-918A47ACB951}"
EndProject
Global
	GlobalSection(SolutionConfigurationPlatforms) = preSolution
		Debug|Any CPU = Debug|Any CPU
		Release|Any CPU = Release|Any CPU
	EndGlobalSection
	GlobalSection(ProjectConfigurationPlatforms) = postSolution
		{9B55EE3D-309A-4E3B-A85F-918A47ACB951}.Debug|Any CPU.ActiveCfg = Debug|Any CPU
		{9B55EE3D-309A-4E3B-A85F-918A47ACB951}.Debug|Any CPU.Build.0 = Debug|Any CPU
		{9B55EE3D-309A-4E3B-A85F-918A47ACB951}.Release|Any CPU.ActiveCfg = Release|Any CPU
		{9B55EE3D-309A-4E3B-A85F-918A47ACB951}.Release|Any CPU.Build.0 = Release|Any CPU
	EndGlobalSection
	GlobalSection(SolutionProperties) = preSolution
		HideSolutionNode = FALSE
	EndGlobalSection
	GlobalSection(ExtensibilityGlobals) = postSolution
		SolutionGuid = {C2246533-89B7-412E-9581-C1510925B21B}
	EndGlobalSection
EndGlobal
